
Microsoft Visual Studio Solution File, Format Version 11.00
# Visual C# Express 2010
Project("{FAE04EC0-301F-11D3-BF4B-00C04F79EFBC}") = "GeneticFunction", "GeneticFunction.csproj", "{0FB321E9-ABAC-4072-873D-24655161CDB2}"
EndProject
Project("{FAE04EC0-301F-11D3-BF4B-00C04F79EFBC}") = "GeneticPolyApproximation", "GeneticPolyApproximation\GeneticPolyApproximation.csproj", "{E183C494-BE22-468F-832A-2280CBC3871D}"
EndProject
Global
	GlobalSection(SolutionConfigurationPlatforms) = preSolution
		Debug|Any CPU = Debug|Any CPU
		Debug|Mixed Platforms = Debug|Mixed Platforms
		Debug|x86 = Debug|x86
		Release|Any CPU = Release|Any CPU
		Release|Mixed Platforms = Release|Mixed Platforms
		Release|x86 = Release|x86
	EndGlobalSection
	GlobalSection(ProjectConfigurationPlatforms) = postSolution
		{0FB321E9-ABAC-4072-873D-24655161CDB2}.Debug|Any CPU.ActiveCfg = Debug|Any CPU
		{0FB321E9-ABAC-4072-873D-24655161CDB2}.Debug|Any CPU.Build.0 = Debug|Any CPU
		{0FB321E9-ABAC-4072-873D-24655161CDB2}.Debug|Mixed Platforms.ActiveCfg = Debug|Any CPU
		{0FB321E9-ABAC-4072-873D-24655161CDB2}.Debug|Mixed Platforms.Build.0 = Debug|Any CPU
		{0FB321E9-ABAC-4072-873D-24655161CDB2}.Debug|x86.ActiveCfg = Debug|Any CPU
		{0FB321E9-ABAC-4072-873D-24655161CDB2}.Release|Any CPU.ActiveCfg = Release|Any CPU
		{0FB321E9-ABAC-4072-873D-24655161CDB2}.Release|Any CPU.Build.0 = Release|Any CPU
		{0FB321E9-ABAC-4072-873D-24655161CDB2}.Release|Mixed Platforms.ActiveCfg = Release|Any CPU
		{0FB321E9-ABAC-4072-873D-24655161CDB2}.Release|Mixed Platforms.Build.0 = Release|Any CPU
		{0FB321E9-ABAC-4072-873D-24655161CDB2}.Release|x86.ActiveCfg = Release|Any CPU
		{E183C494-BE22-468F-832A-2280CBC3871D}.Debug|Any CPU.ActiveCfg = Debug|Any CPU
		{E183C494-BE22-468F-832A-2280CBC3871D}.Debug|Any CPU.Build.0 = Debug|Any CPU
		{E183C494-BE22-468F-832A-2280CBC3871D}.Debug|Mixed Platforms.ActiveCfg = Debug|Any CPU
		{E183C494-BE22-468F-832A-2280CBC3871D}.Debug|Mixed Platforms.Build.0 = Debug|Any CPU
		{E183C494-BE22-468F-832A-2280CBC3871D}.Debug|x86.ActiveCfg = Debug|Any CPU
		{E183C494-BE22-468F-832A-2280CBC3871D}.Release|Any CPU.ActiveCfg = Release|Any CPU
		{E183C494-BE22-468F-832A-2280CBC3871D}.Release|Any CPU.Build.0 = Release|Any CPU
		{E183C494-BE22-468F-832A-2280CBC3871D}.Release|Mixed Platforms.ActiveCfg = Release|Any CPU
		{E183C494-BE22-468F-832A-2280CBC3871D}.Release|Mixed Platforms.Build.0 = Release|Any CPU
		{E183C494-BE22-468F-832A-2280CBC3871D}.Release|x86.ActiveCfg = Release|Any CPU
	EndGlobalSection
	GlobalSection(SolutionProperties) = preSolution
		HideSolutionNode = FALSE
	EndGlobalSection
EndGlobal
